{
    "_meta": {
        "hash": {
            "sha256": "418aae480bd67ba6dfd2059939bff6aca7aa95e159f45ed379fad13c24615ffd"
        },
        "pipfile-spec": 6,
        "requires": {
            "python_version": "3.8.1"
        },
        "sources": [
            {
                "name": "pypi",
                "url": "https://pypi.org/simple",
                "verify_ssl": true
            }
        ]
    },
    "default": {
        "pyenchant": {
            "hashes": [
                "sha256:1bd26a644abf80196a9de3f2d820ebafb7e7f78385e392ce77cb1552f164d559",
                "sha256:43032310df4a29f08a5ce5b65f2aeb0ec1bca5ef08bcf3156423d50e0e1d7d0c",
                "sha256:8b4ef051ef75fa7695c5259c34fb51bc54aa76a39c04db4d4fda997a5e94792a",
                "sha256:9fb8edbaa211e8594b4c3d26bbda8e78d6d5e260df50e6c9600be171aa83d575"
            ],
            "index": "pypi",
            "version": "==3.0.1"
        }
    },
    "develop": {}
}
